# @generated by Move, please check-in and do not edit manually.

[move]
version = 2
manifest_digest = "BCC00A7601FDBCB9DAA084E2AC6FEB34F63C3FF360B4829E5D0295C77286E774"
deps_digest = "E3B0C44298FC1C149AFBF4C8996FB92427AE41E4649B934CA495991B7852B855"

[move.toolchain-version]
compiler-version = "0.9.2-rc"
edition = "2024.beta"
flavor = "iota"
