# @generated by Move, please check-in and do not edit manually.

[move]
version = 3
manifest_digest = "625E51A44ADFC7BAB369B94C49A77817FA2670392112146362CDCF7C54E8AC2D"
deps_digest = "F8BBB0CCB2491CA29A3DF03D6F92277A4F3574266507ACD77214D37ECA3F3082"
dependencies = [
  { id = "Iota", name = "Iota" },
]

[[move.package]]
id = "Iota"
source = { git = "https://github.com/iotaledger/iota.git", rev = "develop", subdir = "crates/iota-framework/packages/iota-framework" }

dependencies = [
  { id = "MoveStdlib", name = "MoveStdlib" },
]

[[move.package]]
id = "MoveStdlib"
source = { git = "https://github.com/iotaledger/iota.git", rev = "develop", subdir = "crates/iota-framework/packages/move-stdlib" }

[move.toolchain-version]
compiler-version = "1.19.1"
edition = "2024.beta"
flavor = "iota"

[env]

[env.testnet]
chain-id = "2304aa97"
original-published-id = "0xc6a6452be155c48195130dfcc307617b21df4be4d3f90ec8293ef24f24819a49"
latest-published-id = "0xc6a6452be155c48195130dfcc307617b21df4be4d3f90ec8293ef24f24819a49"
published-version = "1"

[env.mainnet]
chain-id = "6364aad5"
original-published-id = "0xb756ebb60a8a763f15efb4da2adfc69c9abc402727c0d1a809e07cb25e4f5c62"
latest-published-id = "0xb756ebb60a8a763f15efb4da2adfc69c9abc402727c0d1a809e07cb25e4f5c62"
published-version = "1"
